
Microsoft Visual Studio Solution File, Format Version 12.00
# Visual Studio Version 17
VisualStudioVersion = 17.8.34330.188
MinimumVisualStudioVersion = 10.0.40219.1
Project("{E24C65DC-7377-472B-9ABA-BC803B73C61A}") = "FP2Dev", ".", "{43D0CD8D-04FD-4A71-BAAE-4B830FA18676}"
	ProjectSection(WebsiteProperties) = preProject
		TargetFrameworkMoniker = ".NETFramework,Version%3Dv4.7.2"
		Debug.AspNetCompiler.VirtualPath = "/localhost_64220"
		Debug.AspNetCompiler.PhysicalPath = "..\FP2Dev\"
		Debug.AspNetCompiler.TargetPath = "PrecompiledWeb\localhost_64220\"
		Debug.AspNetCompiler.Updateable = "true"
		Debug.AspNetCompiler.ForceOverwrite = "true"
		Debug.AspNetCompiler.FixedNames = "false"
		Debug.AspNetCompiler.Debug = "True"
		Release.AspNetCompiler.VirtualPath = "/localhost_64220"
		Release.AspNetCompiler.PhysicalPath = "..\FP2Dev\"
		Release.AspNetCompiler.TargetPath = "PrecompiledWeb\localhost_64220\"
		Release.AspNetCompiler.Updateable = "true"
		Release.AspNetCompiler.ForceOverwrite = "true"
		Release.AspNetCompiler.FixedNames = "false"
		Release.AspNetCompiler.Debug = "False"
		VWDPort = "64220"
		SlnRelativePath = "..\FP2Dev\"
		DefaultWebSiteLanguage = "Visual C#"
	EndProjectSection
EndProject
Global
	GlobalSection(SolutionConfigurationPlatforms) = preSolution
		Debug|Any CPU = Debug|Any CPU
	EndGlobalSection
	GlobalSection(ProjectConfigurationPlatforms) = postSolution
		{43D0CD8D-04FD-4A71-BAAE-4B830FA18676}.Debug|Any CPU.ActiveCfg = Debug|Any CPU
		{43D0CD8D-04FD-4A71-BAAE-4B830FA18676}.Debug|Any CPU.Build.0 = Debug|Any CPU
	EndGlobalSection
	GlobalSection(SolutionProperties) = preSolution
		HideSolutionNode = FALSE
	EndGlobalSection
	GlobalSection(ExtensibilityGlobals) = postSolution
		SolutionGuid = {6AB825E2-5471-462F-A204-434662A807A7}
	EndGlobalSection
EndGlobal
